
Microsoft Visual Studio Solution File, Format Version 12.00
Project("{FAE04EC0-301F-11D3-BF4B-00C04F79EFBC}") = "CasterSimulator.App", "CasterSimulator.App\CasterSimulator.App.csproj", "{C93C21A8-7080-44CF-8C0F-58A7A6C0123B}"
EndProject
Project("{FAE04EC0-301F-11D3-BF4B-00C04F79EFBC}") = "LadleSimulator", "LadleSimulator\LadleSimulator.csproj", "{B06646BF-A374-44B3-8D5A-60063CEB33AE}"
EndProject
Project("{FAE04EC0-301F-11D3-BF4B-00C04F79EFBC}") = "TundishSimulator", "TundishSimulator\TundishSimulator.csproj", "{B499B5E2-52A3-4BDD-B254-4EF0730B8612}"
EndProject
Project("{FAE04EC0-301F-11D3-BF4B-00C04F79EFBC}") = "TurretSimulator", "TurretSimulator\TurretSimulator.csproj", "{87D751E7-69B2-4E91-BD62-AF84A98E5718}"
EndProject
Project("{FAE04EC0-301F-11D3-BF4B-00C04F79EFBC}") = "StrandSimulator", "StrandSimulator\StrandSimulator.csproj", "{65814AEE-C865-4A6D-8343-99FEFBB57A7E}"
EndProject
Global
	GlobalSection(SolutionConfigurationPlatforms) = preSolution
		Debug|Any CPU = Debug|Any CPU
		Release|Any CPU = Release|Any CPU
	EndGlobalSection
	GlobalSection(ProjectConfigurationPlatforms) = postSolution
		{C93C21A8-7080-44CF-8C0F-58A7A6C0123B}.Debug|Any CPU.ActiveCfg = Debug|Any CPU
		{C93C21A8-7080-44CF-8C0F-58A7A6C0123B}.Debug|Any CPU.Build.0 = Debug|Any CPU
		{C93C21A8-7080-44CF-8C0F-58A7A6C0123B}.Release|Any CPU.ActiveCfg = Release|Any CPU
		{C93C21A8-7080-44CF-8C0F-58A7A6C0123B}.Release|Any CPU.Build.0 = Release|Any CPU
		{B06646BF-A374-44B3-8D5A-60063CEB33AE}.Debug|Any CPU.ActiveCfg = Debug|Any CPU
		{B06646BF-A374-44B3-8D5A-60063CEB33AE}.Debug|Any CPU.Build.0 = Debug|Any CPU
		{B06646BF-A374-44B3-8D5A-60063CEB33AE}.Release|Any CPU.ActiveCfg = Release|Any CPU
		{B06646BF-A374-44B3-8D5A-60063CEB33AE}.Release|Any CPU.Build.0 = Release|Any CPU
		{B499B5E2-52A3-4BDD-B254-4EF0730B8612}.Debug|Any CPU.ActiveCfg = Debug|Any CPU
		{B499B5E2-52A3-4BDD-B254-4EF0730B8612}.Debug|Any CPU.Build.0 = Debug|Any CPU
		{B499B5E2-52A3-4BDD-B254-4EF0730B8612}.Release|Any CPU.ActiveCfg = Release|Any CPU
		{B499B5E2-52A3-4BDD-B254-4EF0730B8612}.Release|Any CPU.Build.0 = Release|Any CPU
		{87D751E7-69B2-4E91-BD62-AF84A98E5718}.Debug|Any CPU.ActiveCfg = Debug|Any CPU
		{87D751E7-69B2-4E91-BD62-AF84A98E5718}.Debug|Any CPU.Build.0 = Debug|Any CPU
		{87D751E7-69B2-4E91-BD62-AF84A98E5718}.Release|Any CPU.ActiveCfg = Release|Any CPU
		{87D751E7-69B2-4E91-BD62-AF84A98E5718}.Release|Any CPU.Build.0 = Release|Any CPU
		{65814AEE-C865-4A6D-8343-99FEFBB57A7E}.Debug|Any CPU.ActiveCfg = Debug|Any CPU
		{65814AEE-C865-4A6D-8343-99FEFBB57A7E}.Debug|Any CPU.Build.0 = Debug|Any CPU
		{65814AEE-C865-4A6D-8343-99FEFBB57A7E}.Release|Any CPU.ActiveCfg = Release|Any CPU
		{65814AEE-C865-4A6D-8343-99FEFBB57A7E}.Release|Any CPU.Build.0 = Release|Any CPU
	EndGlobalSection
EndGlobal
