
Microsoft Visual Studio Solution File, Format Version 12.00
Project("{FAE04EC0-301F-11D3-BF4B-00C04F79EFBC}") = "CasterSimulator.Engine", "CasterSimulator.Engine\CasterSimulator.Engine.csproj", "{C93C21A8-7080-44CF-8C0F-58A7A6C0123B}"
EndProject
Project("{FAE04EC0-301F-11D3-BF4B-00C04F79EFBC}") = "CasterSimulator.Components", "CasterSimulator.Components\CasterSimulator.Components.csproj", "{D6BB0C69-5637-41E8-84B8-633DDDB4850E}"
EndProject
Project("{FAE04EC0-301F-11D3-BF4B-00C04F79EFBC}") = "CasterSimulator.Models", "CasterSimulator.Models\CasterSimulator.Models.csproj", "{C0C71780-67D4-436F-BC31-57BBE5CA205F}"
EndProject
Project("{FAE04EC0-301F-11D3-BF4B-00C04F79EFBC}") = "CasterSimulator.Enums", "CasterSimulator.Enums\CasterSimulator.Enums.csproj", "{2E4B87F0-DD42-42D8-9854-FA3E9CDB25DE}"
EndProject
Project("{FAE04EC0-301F-11D3-BF4B-00C04F79EFBC}") = "CasterSimulator.Telemetry", "CasterSimulator.Telemetry\CasterSimulator.Telemetry.csproj", "{1E2674B2-D126-42BF-A336-5FE1DD6810DB}"
EndProject
Project("{FAE04EC0-301F-11D3-BF4B-00C04F79EFBC}") = "CasterSimulator.Common", "CasterSimulator.Common\CasterSimulator.Common.csproj", "{C4C00A0C-FF54-44AC-9B89-9599910CEB22}"
EndProject
Project("{FAE04EC0-301F-11D3-BF4B-00C04F79EFBC}") = "CasterSimulator.WebAPI", "CasterSimulator.WebAPI\CasterSimulator.WebAPI.csproj", "{2EA7A7AB-F46E-4945-9BEC-D559A7037052}"
EndProject
Global
	GlobalSection(SolutionConfigurationPlatforms) = preSolution
		Debug|Any CPU = Debug|Any CPU
		Release|Any CPU = Release|Any CPU
	EndGlobalSection
	GlobalSection(ProjectConfigurationPlatforms) = postSolution
		{C93C21A8-7080-44CF-8C0F-58A7A6C0123B}.Debug|Any CPU.ActiveCfg = Debug|Any CPU
		{C93C21A8-7080-44CF-8C0F-58A7A6C0123B}.Debug|Any CPU.Build.0 = Debug|Any CPU
		{C93C21A8-7080-44CF-8C0F-58A7A6C0123B}.Release|Any CPU.ActiveCfg = Release|Any CPU
		{C93C21A8-7080-44CF-8C0F-58A7A6C0123B}.Release|Any CPU.Build.0 = Release|Any CPU
		{D6BB0C69-5637-41E8-84B8-633DDDB4850E}.Debug|Any CPU.ActiveCfg = Debug|Any CPU
		{D6BB0C69-5637-41E8-84B8-633DDDB4850E}.Debug|Any CPU.Build.0 = Debug|Any CPU
		{D6BB0C69-5637-41E8-84B8-633DDDB4850E}.Release|Any CPU.ActiveCfg = Release|Any CPU
		{D6BB0C69-5637-41E8-84B8-633DDDB4850E}.Release|Any CPU.Build.0 = Release|Any CPU
		{C0C71780-67D4-436F-BC31-57BBE5CA205F}.Debug|Any CPU.ActiveCfg = Debug|Any CPU
		{C0C71780-67D4-436F-BC31-57BBE5CA205F}.Debug|Any CPU.Build.0 = Debug|Any CPU
		{C0C71780-67D4-436F-BC31-57BBE5CA205F}.Release|Any CPU.ActiveCfg = Release|Any CPU
		{C0C71780-67D4-436F-BC31-57BBE5CA205F}.Release|Any CPU.Build.0 = Release|Any CPU
		{2E4B87F0-DD42-42D8-9854-FA3E9CDB25DE}.Debug|Any CPU.ActiveCfg = Debug|Any CPU
		{2E4B87F0-DD42-42D8-9854-FA3E9CDB25DE}.Debug|Any CPU.Build.0 = Debug|Any CPU
		{2E4B87F0-DD42-42D8-9854-FA3E9CDB25DE}.Release|Any CPU.ActiveCfg = Release|Any CPU
		{2E4B87F0-DD42-42D8-9854-FA3E9CDB25DE}.Release|Any CPU.Build.0 = Release|Any CPU
		{1E2674B2-D126-42BF-A336-5FE1DD6810DB}.Debug|Any CPU.ActiveCfg = Debug|Any CPU
		{1E2674B2-D126-42BF-A336-5FE1DD6810DB}.Debug|Any CPU.Build.0 = Debug|Any CPU
		{1E2674B2-D126-42BF-A336-5FE1DD6810DB}.Release|Any CPU.ActiveCfg = Release|Any CPU
		{1E2674B2-D126-42BF-A336-5FE1DD6810DB}.Release|Any CPU.Build.0 = Release|Any CPU
		{C4C00A0C-FF54-44AC-9B89-9599910CEB22}.Debug|Any CPU.ActiveCfg = Debug|Any CPU
		{C4C00A0C-FF54-44AC-9B89-9599910CEB22}.Debug|Any CPU.Build.0 = Debug|Any CPU
		{C4C00A0C-FF54-44AC-9B89-9599910CEB22}.Release|Any CPU.ActiveCfg = Release|Any CPU
		{C4C00A0C-FF54-44AC-9B89-9599910CEB22}.Release|Any CPU.Build.0 = Release|Any CPU
		{2EA7A7AB-F46E-4945-9BEC-D559A7037052}.Debug|Any CPU.ActiveCfg = Debug|Any CPU
		{2EA7A7AB-F46E-4945-9BEC-D559A7037052}.Debug|Any CPU.Build.0 = Debug|Any CPU
		{2EA7A7AB-F46E-4945-9BEC-D559A7037052}.Release|Any CPU.ActiveCfg = Release|Any CPU
		{2EA7A7AB-F46E-4945-9BEC-D559A7037052}.Release|Any CPU.Build.0 = Release|Any CPU
	EndGlobalSection
EndGlobal
