
Microsoft Visual Studio Solution File, Format Version 12.00
Project("{FAE04EC0-301F-11D3-BF4B-00C04F79EFBC}") = "CasterSimulator.Engine", "CasterSimulator.Engine\CasterSimulator.Engine.csproj", "{C93C21A8-7080-44CF-8C0F-58A7A6C0123B}"
EndProject
Project("{FAE04EC0-301F-11D3-BF4B-00C04F79EFBC}") = "CasterSimulator.Components", "CasterSimulator.Components\CasterSimulator.Components.csproj", "{D6BB0C69-5637-41E8-84B8-633DDDB4850E}"
EndProject
Project("{FAE04EC0-301F-11D3-BF4B-00C04F79EFBC}") = "CasterSimulator.Models", "CasterSimulator.Models\CasterSimulator.Models.csproj", "{C0C71780-67D4-436F-BC31-57BBE5CA205F}"
EndProject
Global
	GlobalSection(SolutionConfigurationPlatforms) = preSolution
		Debug|Any CPU = Debug|Any CPU
		Release|Any CPU = Release|Any CPU
	EndGlobalSection
	GlobalSection(ProjectConfigurationPlatforms) = postSolution
		{C93C21A8-7080-44CF-8C0F-58A7A6C0123B}.Debug|Any CPU.ActiveCfg = Debug|Any CPU
		{C93C21A8-7080-44CF-8C0F-58A7A6C0123B}.Debug|Any CPU.Build.0 = Debug|Any CPU
		{C93C21A8-7080-44CF-8C0F-58A7A6C0123B}.Release|Any CPU.ActiveCfg = Release|Any CPU
		{C93C21A8-7080-44CF-8C0F-58A7A6C0123B}.Release|Any CPU.Build.0 = Release|Any CPU
		{D6BB0C69-5637-41E8-84B8-633DDDB4850E}.Debug|Any CPU.ActiveCfg = Debug|Any CPU
		{D6BB0C69-5637-41E8-84B8-633DDDB4850E}.Debug|Any CPU.Build.0 = Debug|Any CPU
		{D6BB0C69-5637-41E8-84B8-633DDDB4850E}.Release|Any CPU.ActiveCfg = Release|Any CPU
		{D6BB0C69-5637-41E8-84B8-633DDDB4850E}.Release|Any CPU.Build.0 = Release|Any CPU
		{C0C71780-67D4-436F-BC31-57BBE5CA205F}.Debug|Any CPU.ActiveCfg = Debug|Any CPU
		{C0C71780-67D4-436F-BC31-57BBE5CA205F}.Debug|Any CPU.Build.0 = Debug|Any CPU
		{C0C71780-67D4-436F-BC31-57BBE5CA205F}.Release|Any CPU.ActiveCfg = Release|Any CPU
		{C0C71780-67D4-436F-BC31-57BBE5CA205F}.Release|Any CPU.Build.0 = Release|Any CPU
	EndGlobalSection
EndGlobal
